
Microsoft Visual Studio Solution File, Format Version 12.00
# Visual Studio 15
VisualStudioVersion = 15.0.27004.2009
MinimumVisualStudioVersion = 10.0.40219.1
Project("{8BC9CEB8-8B4A-11D0-8D11-00A0C91BC942}") = "hello_cpp2", "cpp_2\cpp_2.vcxproj", "{81DF7B9F-BEB2-4B73-AA24-BBCDE0CC6148}"
EndProject
Project("{8BC9CEB8-8B4A-11D0-8D11-00A0C91BC942}") = "hello_cpp3", "hello_cpp3\hello_cpp3.vcxproj", "{86111A87-0F69-49B3-9148-36893493C7FF}"
EndProject
Project("{8BC9CEB8-8B4A-11D0-8D11-00A0C91BC942}") = "max", "max\max.vcxproj", "{505CBF28-B13E-410F-B811-EB6D34EE7EAA}"
EndProject
Project("{8BC9CEB8-8B4A-11D0-8D11-00A0C91BC942}") = "hello_type", "hello_type\hello_type.vcxproj", "{72CFF05A-CCDD-4A77-9516-A558B49FC26C}"
EndProject
Project("{8BC9CEB8-8B4A-11D0-8D11-00A0C91BC942}") = "plusplus", "plusplus\plusplus.vcxproj", "{1CBD18BD-755C-4FFE-A777-CA335084C76D}"
EndProject
Project("{8BC9CEB8-8B4A-11D0-8D11-00A0C91BC942}") = "loop_test", "loop_test\loop_test.vcxproj", "{F662A038-9B59-4A56-9EF8-B265C43CAE5F}"
EndProject
Project("{8BC9CEB8-8B4A-11D0-8D11-00A0C91BC942}") = "select_test", "select_test\select_test.vcxproj", "{DD5BF2A5-1155-45A9-9A02-A144498BF9F9}"
EndProject
Project("{8BC9CEB8-8B4A-11D0-8D11-00A0C91BC942}") = "function", "function\function.vcxproj", "{FEFF8E2F-DCA6-4F3B-B3A4-5787FA424C4F}"
EndProject
Project("{8BC9CEB8-8B4A-11D0-8D11-00A0C91BC942}") = "guess_number", "guess_num\guess_num.vcxproj", "{90BEB1E0-6698-4834-9245-D7C1E8DE7B55}"
EndProject
Project("{8BC9CEB8-8B4A-11D0-8D11-00A0C91BC942}") = "hello_array", "hello_array\hello_array.vcxproj", "{5177FA21-8BA5-4089-8794-AFF449E936A8}"
EndProject
Project("{8BC9CEB8-8B4A-11D0-8D11-00A0C91BC942}") = "hello_string", "hello_string\hello_string.vcxproj", "{B9FD2197-9B12-4A3D-B970-AF682A7A0A50}"
EndProject
Project("{8BC9CEB8-8B4A-11D0-8D11-00A0C91BC942}") = "hello_pointer", "hello_point\hello_point.vcxproj", "{E263D5F1-4629-4BA8-B766-D1447E00B901}"
EndProject
Project("{8BC9CEB8-8B4A-11D0-8D11-00A0C91BC942}") = "point_test", "point_test\point_test.vcxproj", "{0EDDAFCE-FCC1-42F8-B089-AAF33D0C7BC0}"
EndProject
Project("{8BC9CEB8-8B4A-11D0-8D11-00A0C91BC942}") = "function_point", "function_point\function_point.vcxproj", "{D4F7278B-A281-4D40-976E-C31E21032EEC}"
EndProject
Project("{8BC9CEB8-8B4A-11D0-8D11-00A0C91BC942}") = "point_demo", "point_demo\point_demo.vcxproj", "{DE29F643-5403-4FF7-9ED9-DD2EF7A3DBFC}"
EndProject
Project("{8BC9CEB8-8B4A-11D0-8D11-00A0C91BC942}") = "hello_ref", "hello_ref\hello_ref.vcxproj", "{990B50A0-5C06-4257-A142-63C4AE9E02D5}"
EndProject
Project("{8BC9CEB8-8B4A-11D0-8D11-00A0C91BC942}") = "swap", "swap\swap.vcxproj", "{11658810-095F-4072-B9ED-F78A6478F6C9}"
EndProject
Project("{8BC9CEB8-8B4A-11D0-8D11-00A0C91BC942}") = "hello_struct", "hello_struct\hello_struct.vcxproj", "{3BF05B2D-B7E8-4DB0-88C9-1E8A90898E6F}"
EndProject
Project("{8BC9CEB8-8B4A-11D0-8D11-00A0C91BC942}") = "hello_enum", "hello_enum\hello_enum.vcxproj", "{83C12FCC-2B42-46DC-BD2F-98E807349BE0}"
EndProject
Project("{8BC9CEB8-8B4A-11D0-8D11-00A0C91BC942}") = "hello_typedef", "hello_typedef\hello_typedef.vcxproj", "{4C6F35C2-0301-4E70-A8AD-9F38C6E6B7E9}"
EndProject
Project("{8BC9CEB8-8B4A-11D0-8D11-00A0C91BC942}") = "work1", "work1\work1.vcxproj", "{BA6DDFCE-9916-480E-A4E0-7AA7F29C5A77}"
EndProject
Project("{8BC9CEB8-8B4A-11D0-8D11-00A0C91BC942}") = "hello_class", "hello_class\hello_class.vcxproj", "{1B602598-7514-4D8B-B717-F7297DC2D14F}"
EndProject
Project("{8BC9CEB8-8B4A-11D0-8D11-00A0C91BC942}") = "hello_class_primary", "hello_class_primary\hello_class_primary.vcxproj", "{F01C821C-665F-481C-87E3-769F04DC7733}"
EndProject
Project("{8BC9CEB8-8B4A-11D0-8D11-00A0C91BC942}") = "exam", "exam\exam.vcxproj", "{159E1136-1467-485C-AD4E-8C6C223E50CF}"
EndProject
Project("{8BC9CEB8-8B4A-11D0-8D11-00A0C91BC942}") = "middle_exam", "middle_exam\middle_exam.vcxproj", "{A4C44CD5-8B47-418C-9D6E-B1D529F75DB0}"
EndProject
Project("{8BC9CEB8-8B4A-11D0-8D11-00A0C91BC942}") = "hello_poly", "hello_poly\hello_poly.vcxproj", "{25C3F429-4695-40B4-A6D4-D2A5000E9AA5}"
EndProject
Project("{8BC9CEB8-8B4A-11D0-8D11-00A0C91BC942}") = "hello_Operator", "hello_Operator\hello_Operator.vcxproj", "{47D91A54-C996-40B8-9594-410326D723C5}"
EndProject
Project("{8BC9CEB8-8B4A-11D0-8D11-00A0C91BC942}") = "hello_outfile", "Hello_outfile\Hello_outfile.vcxproj", "{7E076257-5E6E-4B33-ABFC-BC8D107B634E}"
EndProject
Project("{8BC9CEB8-8B4A-11D0-8D11-00A0C91BC942}") = "hello_ifstream", "hello_ifstream\hello_ifstream.vcxproj", "{D28989BE-722E-490F-AC00-712858AF9178}"
EndProject
Project("{8BC9CEB8-8B4A-11D0-8D11-00A0C91BC942}") = "hello_namespace", "hello_namespace\hello_namespace.vcxproj", "{E0166AC3-DEC5-4CAE-8FBF-64E2AAD49A53}"
EndProject
Project("{8BC9CEB8-8B4A-11D0-8D11-00A0C91BC942}") = "handle_error443", "handle_error443\handle_error443.vcxproj", "{965EEE6F-9613-4FE4-B991-154EF6BF7C1D}"
EndProject
Project("{8BC9CEB8-8B4A-11D0-8D11-00A0C91BC942}") = "test_operator", "test_operator\test_operator.vcxproj", "{713CC587-D53B-4FF6-B9F3-6550BB7397FD}"
EndProject
Project("{8BC9CEB8-8B4A-11D0-8D11-00A0C91BC942}") = "428.4", "428.4\428.4.vcxproj", "{1E29FB63-7366-47F3-B9C1-D1E6E0AE909B}"
EndProject
Global
	GlobalSection(SolutionConfigurationPlatforms) = preSolution
		Debug|x64 = Debug|x64
		Debug|x86 = Debug|x86
		Release|x64 = Release|x64
		Release|x86 = Release|x86
	EndGlobalSection
	GlobalSection(ProjectConfigurationPlatforms) = postSolution
		{81DF7B9F-BEB2-4B73-AA24-BBCDE0CC6148}.Debug|x64.ActiveCfg = Debug|x64
		{81DF7B9F-BEB2-4B73-AA24-BBCDE0CC6148}.Debug|x64.Build.0 = Debug|x64
		{81DF7B9F-BEB2-4B73-AA24-BBCDE0CC6148}.Debug|x86.ActiveCfg = Debug|Win32
		{81DF7B9F-BEB2-4B73-AA24-BBCDE0CC6148}.Debug|x86.Build.0 = Debug|Win32
		{81DF7B9F-BEB2-4B73-AA24-BBCDE0CC6148}.Release|x64.ActiveCfg = Release|x64
		{81DF7B9F-BEB2-4B73-AA24-BBCDE0CC6148}.Release|x64.Build.0 = Release|x64
		{81DF7B9F-BEB2-4B73-AA24-BBCDE0CC6148}.Release|x86.ActiveCfg = Release|Win32
		{81DF7B9F-BEB2-4B73-AA24-BBCDE0CC6148}.Release|x86.Build.0 = Release|Win32
		{86111A87-0F69-49B3-9148-36893493C7FF}.Debug|x64.ActiveCfg = Debug|x64
		{86111A87-0F69-49B3-9148-36893493C7FF}.Debug|x64.Build.0 = Debug|x64
		{86111A87-0F69-49B3-9148-36893493C7FF}.Debug|x86.ActiveCfg = Debug|Win32
		{86111A87-0F69-49B3-9148-36893493C7FF}.Debug|x86.Build.0 = Debug|Win32
		{86111A87-0F69-49B3-9148-36893493C7FF}.Release|x64.ActiveCfg = Release|x64
		{86111A87-0F69-49B3-9148-36893493C7FF}.Release|x64.Build.0 = Release|x64
		{86111A87-0F69-49B3-9148-36893493C7FF}.Release|x86.ActiveCfg = Release|Win32
		{86111A87-0F69-49B3-9148-36893493C7FF}.Release|x86.Build.0 = Release|Win32
		{505CBF28-B13E-410F-B811-EB6D34EE7EAA}.Debug|x64.ActiveCfg = Debug|x64
		{505CBF28-B13E-410F-B811-EB6D34EE7EAA}.Debug|x64.Build.0 = Debug|x64
		{505CBF28-B13E-410F-B811-EB6D34EE7EAA}.Debug|x86.ActiveCfg = Debug|Win32
		{505CBF28-B13E-410F-B811-EB6D34EE7EAA}.Debug|x86.Build.0 = Debug|Win32
		{505CBF28-B13E-410F-B811-EB6D34EE7EAA}.Release|x64.ActiveCfg = Release|x64
		{505CBF28-B13E-410F-B811-EB6D34EE7EAA}.Release|x64.Build.0 = Release|x64
		{505CBF28-B13E-410F-B811-EB6D34EE7EAA}.Release|x86.ActiveCfg = Release|Win32
		{505CBF28-B13E-410F-B811-EB6D34EE7EAA}.Release|x86.Build.0 = Release|Win32
		{72CFF05A-CCDD-4A77-9516-A558B49FC26C}.Debug|x64.ActiveCfg = Debug|x64
		{72CFF05A-CCDD-4A77-9516-A558B49FC26C}.Debug|x64.Build.0 = Debug|x64
		{72CFF05A-CCDD-4A77-9516-A558B49FC26C}.Debug|x86.ActiveCfg = Debug|Win32
		{72CFF05A-CCDD-4A77-9516-A558B49FC26C}.Debug|x86.Build.0 = Debug|Win32
		{72CFF05A-CCDD-4A77-9516-A558B49FC26C}.Release|x64.ActiveCfg = Release|x64
		{72CFF05A-CCDD-4A77-9516-A558B49FC26C}.Release|x64.Build.0 = Release|x64
		{72CFF05A-CCDD-4A77-9516-A558B49FC26C}.Release|x86.ActiveCfg = Release|Win32
		{72CFF05A-CCDD-4A77-9516-A558B49FC26C}.Release|x86.Build.0 = Release|Win32
		{1CBD18BD-755C-4FFE-A777-CA335084C76D}.Debug|x64.ActiveCfg = Debug|x64
		{1CBD18BD-755C-4FFE-A777-CA335084C76D}.Debug|x64.Build.0 = Debug|x64
		{1CBD18BD-755C-4FFE-A777-CA335084C76D}.Debug|x86.ActiveCfg = Debug|Win32
		{1CBD18BD-755C-4FFE-A777-CA335084C76D}.Debug|x86.Build.0 = Debug|Win32
		{1CBD18BD-755C-4FFE-A777-CA335084C76D}.Release|x64.ActiveCfg = Release|x64
		{1CBD18BD-755C-4FFE-A777-CA335084C76D}.Release|x64.Build.0 = Release|x64
		{1CBD18BD-755C-4FFE-A777-CA335084C76D}.Release|x86.ActiveCfg = Release|Win32
		{1CBD18BD-755C-4FFE-A777-CA335084C76D}.Release|x86.Build.0 = Release|Win32
		{F662A038-9B59-4A56-9EF8-B265C43CAE5F}.Debug|x64.ActiveCfg = Debug|x64
		{F662A038-9B59-4A56-9EF8-B265C43CAE5F}.Debug|x64.Build.0 = Debug|x64
		{F662A038-9B59-4A56-9EF8-B265C43CAE5F}.Debug|x86.ActiveCfg = Debug|Win32
		{F662A038-9B59-4A56-9EF8-B265C43CAE5F}.Debug|x86.Build.0 = Debug|Win32
		{F662A038-9B59-4A56-9EF8-B265C43CAE5F}.Release|x64.ActiveCfg = Release|x64
		{F662A038-9B59-4A56-9EF8-B265C43CAE5F}.Release|x64.Build.0 = Release|x64
		{F662A038-9B59-4A56-9EF8-B265C43CAE5F}.Release|x86.ActiveCfg = Release|Win32
		{F662A038-9B59-4A56-9EF8-B265C43CAE5F}.Release|x86.Build.0 = Release|Win32
		{DD5BF2A5-1155-45A9-9A02-A144498BF9F9}.Debug|x64.ActiveCfg = Debug|x64
		{DD5BF2A5-1155-45A9-9A02-A144498BF9F9}.Debug|x64.Build.0 = Debug|x64
		{DD5BF2A5-1155-45A9-9A02-A144498BF9F9}.Debug|x86.ActiveCfg = Debug|Win32
		{DD5BF2A5-1155-45A9-9A02-A144498BF9F9}.Debug|x86.Build.0 = Debug|Win32
		{DD5BF2A5-1155-45A9-9A02-A144498BF9F9}.Release|x64.ActiveCfg = Release|x64
		{DD5BF2A5-1155-45A9-9A02-A144498BF9F9}.Release|x64.Build.0 = Release|x64
		{DD5BF2A5-1155-45A9-9A02-A144498BF9F9}.Release|x86.ActiveCfg = Release|Win32
		{DD5BF2A5-1155-45A9-9A02-A144498BF9F9}.Release|x86.Build.0 = Release|Win32
		{FEFF8E2F-DCA6-4F3B-B3A4-5787FA424C4F}.Debug|x64.ActiveCfg = Debug|x64
		{FEFF8E2F-DCA6-4F3B-B3A4-5787FA424C4F}.Debug|x64.Build.0 = Debug|x64
		{FEFF8E2F-DCA6-4F3B-B3A4-5787FA424C4F}.Debug|x86.ActiveCfg = Debug|Win32
		{FEFF8E2F-DCA6-4F3B-B3A4-5787FA424C4F}.Debug|x86.Build.0 = Debug|Win32
		{FEFF8E2F-DCA6-4F3B-B3A4-5787FA424C4F}.Release|x64.ActiveCfg = Release|x64
		{FEFF8E2F-DCA6-4F3B-B3A4-5787FA424C4F}.Release|x64.Build.0 = Release|x64
		{FEFF8E2F-DCA6-4F3B-B3A4-5787FA424C4F}.Release|x86.ActiveCfg = Release|Win32
		{FEFF8E2F-DCA6-4F3B-B3A4-5787FA424C4F}.Release|x86.Build.0 = Release|Win32
		{90BEB1E0-6698-4834-9245-D7C1E8DE7B55}.Debug|x64.ActiveCfg = Debug|x64
		{90BEB1E0-6698-4834-9245-D7C1E8DE7B55}.Debug|x64.Build.0 = Debug|x64
		{90BEB1E0-6698-4834-9245-D7C1E8DE7B55}.Debug|x86.ActiveCfg = Debug|Win32
		{90BEB1E0-6698-4834-9245-D7C1E8DE7B55}.Debug|x86.Build.0 = Debug|Win32
		{90BEB1E0-6698-4834-9245-D7C1E8DE7B55}.Release|x64.ActiveCfg = Release|x64
		{90BEB1E0-6698-4834-9245-D7C1E8DE7B55}.Release|x64.Build.0 = Release|x64
		{90BEB1E0-6698-4834-9245-D7C1E8DE7B55}.Release|x86.ActiveCfg = Release|Win32
		{90BEB1E0-6698-4834-9245-D7C1E8DE7B55}.Release|x86.Build.0 = Release|Win32
		{5177FA21-8BA5-4089-8794-AFF449E936A8}.Debug|x64.ActiveCfg = Debug|x64
		{5177FA21-8BA5-4089-8794-AFF449E936A8}.Debug|x64.Build.0 = Debug|x64
		{5177FA21-8BA5-4089-8794-AFF449E936A8}.Debug|x86.ActiveCfg = Debug|Win32
		{5177FA21-8BA5-4089-8794-AFF449E936A8}.Debug|x86.Build.0 = Debug|Win32
		{5177FA21-8BA5-4089-8794-AFF449E936A8}.Release|x64.ActiveCfg = Release|x64
		{5177FA21-8BA5-4089-8794-AFF449E936A8}.Release|x64.Build.0 = Release|x64
		{5177FA21-8BA5-4089-8794-AFF449E936A8}.Release|x86.ActiveCfg = Release|Win32
		{5177FA21-8BA5-4089-8794-AFF449E936A8}.Release|x86.Build.0 = Release|Win32
		{B9FD2197-9B12-4A3D-B970-AF682A7A0A50}.Debug|x64.ActiveCfg = Debug|x64
		{B9FD2197-9B12-4A3D-B970-AF682A7A0A50}.Debug|x64.Build.0 = Debug|x64
		{B9FD2197-9B12-4A3D-B970-AF682A7A0A50}.Debug|x86.ActiveCfg = Debug|Win32
		{B9FD2197-9B12-4A3D-B970-AF682A7A0A50}.Debug|x86.Build.0 = Debug|Win32
		{B9FD2197-9B12-4A3D-B970-AF682A7A0A50}.Release|x64.ActiveCfg = Release|x64
		{B9FD2197-9B12-4A3D-B970-AF682A7A0A50}.Release|x64.Build.0 = Release|x64
		{B9FD2197-9B12-4A3D-B970-AF682A7A0A50}.Release|x86.ActiveCfg = Release|Win32
		{B9FD2197-9B12-4A3D-B970-AF682A7A0A50}.Release|x86.Build.0 = Release|Win32
		{E263D5F1-4629-4BA8-B766-D1447E00B901}.Debug|x64.ActiveCfg = Debug|x64
		{E263D5F1-4629-4BA8-B766-D1447E00B901}.Debug|x64.Build.0 = Debug|x64
		{E263D5F1-4629-4BA8-B766-D1447E00B901}.Debug|x86.ActiveCfg = Debug|Win32
		{E263D5F1-4629-4BA8-B766-D1447E00B901}.Debug|x86.Build.0 = Debug|Win32
		{E263D5F1-4629-4BA8-B766-D1447E00B901}.Release|x64.ActiveCfg = Release|x64
		{E263D5F1-4629-4BA8-B766-D1447E00B901}.Release|x64.Build.0 = Release|x64
		{E263D5F1-4629-4BA8-B766-D1447E00B901}.Release|x86.ActiveCfg = Release|Win32
		{E263D5F1-4629-4BA8-B766-D1447E00B901}.Release|x86.Build.0 = Release|Win32
		{0EDDAFCE-FCC1-42F8-B089-AAF33D0C7BC0}.Debug|x64.ActiveCfg = Debug|x64
		{0EDDAFCE-FCC1-42F8-B089-AAF33D0C7BC0}.Debug|x64.Build.0 = Debug|x64
		{0EDDAFCE-FCC1-42F8-B089-AAF33D0C7BC0}.Debug|x86.ActiveCfg = Debug|Win32
		{0EDDAFCE-FCC1-42F8-B089-AAF33D0C7BC0}.Debug|x86.Build.0 = Debug|Win32
		{0EDDAFCE-FCC1-42F8-B089-AAF33D0C7BC0}.Release|x64.ActiveCfg = Release|x64
		{0EDDAFCE-FCC1-42F8-B089-AAF33D0C7BC0}.Release|x64.Build.0 = Release|x64
		{0EDDAFCE-FCC1-42F8-B089-AAF33D0C7BC0}.Release|x86.ActiveCfg = Release|Win32
		{0EDDAFCE-FCC1-42F8-B089-AAF33D0C7BC0}.Release|x86.Build.0 = Release|Win32
		{D4F7278B-A281-4D40-976E-C31E21032EEC}.Debug|x64.ActiveCfg = Debug|x64
		{D4F7278B-A281-4D40-976E-C31E21032EEC}.Debug|x64.Build.0 = Debug|x64
		{D4F7278B-A281-4D40-976E-C31E21032EEC}.Debug|x86.ActiveCfg = Debug|Win32
		{D4F7278B-A281-4D40-976E-C31E21032EEC}.Debug|x86.Build.0 = Debug|Win32
		{D4F7278B-A281-4D40-976E-C31E21032EEC}.Release|x64.ActiveCfg = Release|x64
		{D4F7278B-A281-4D40-976E-C31E21032EEC}.Release|x64.Build.0 = Release|x64
		{D4F7278B-A281-4D40-976E-C31E21032EEC}.Release|x86.ActiveCfg = Release|Win32
		{D4F7278B-A281-4D40-976E-C31E21032EEC}.Release|x86.Build.0 = Release|Win32
		{DE29F643-5403-4FF7-9ED9-DD2EF7A3DBFC}.Debug|x64.ActiveCfg = Debug|x64
		{DE29F643-5403-4FF7-9ED9-DD2EF7A3DBFC}.Debug|x64.Build.0 = Debug|x64
		{DE29F643-5403-4FF7-9ED9-DD2EF7A3DBFC}.Debug|x86.ActiveCfg = Debug|Win32
		{DE29F643-5403-4FF7-9ED9-DD2EF7A3DBFC}.Debug|x86.Build.0 = Debug|Win32
		{DE29F643-5403-4FF7-9ED9-DD2EF7A3DBFC}.Release|x64.ActiveCfg = Release|x64
		{DE29F643-5403-4FF7-9ED9-DD2EF7A3DBFC}.Release|x64.Build.0 = Release|x64
		{DE29F643-5403-4FF7-9ED9-DD2EF7A3DBFC}.Release|x86.ActiveCfg = Release|Win32
		{DE29F643-5403-4FF7-9ED9-DD2EF7A3DBFC}.Release|x86.Build.0 = Release|Win32
		{990B50A0-5C06-4257-A142-63C4AE9E02D5}.Debug|x64.ActiveCfg = Debug|x64
		{990B50A0-5C06-4257-A142-63C4AE9E02D5}.Debug|x64.Build.0 = Debug|x64
		{990B50A0-5C06-4257-A142-63C4AE9E02D5}.Debug|x86.ActiveCfg = Debug|Win32
		{990B50A0-5C06-4257-A142-63C4AE9E02D5}.Debug|x86.Build.0 = Debug|Win32
		{990B50A0-5C06-4257-A142-63C4AE9E02D5}.Release|x64.ActiveCfg = Release|x64
		{990B50A0-5C06-4257-A142-63C4AE9E02D5}.Release|x64.Build.0 = Release|x64
		{990B50A0-5C06-4257-A142-63C4AE9E02D5}.Release|x86.ActiveCfg = Release|Win32
		{990B50A0-5C06-4257-A142-63C4AE9E02D5}.Release|x86.Build.0 = Release|Win32
		{11658810-095F-4072-B9ED-F78A6478F6C9}.Debug|x64.ActiveCfg = Debug|x64
		{11658810-095F-4072-B9ED-F78A6478F6C9}.Debug|x64.Build.0 = Debug|x64
		{11658810-095F-4072-B9ED-F78A6478F6C9}.Debug|x86.ActiveCfg = Debug|Win32
		{11658810-095F-4072-B9ED-F78A6478F6C9}.Debug|x86.Build.0 = Debug|Win32
		{11658810-095F-4072-B9ED-F78A6478F6C9}.Release|x64.ActiveCfg = Release|x64
		{11658810-095F-4072-B9ED-F78A6478F6C9}.Release|x64.Build.0 = Release|x64
		{11658810-095F-4072-B9ED-F78A6478F6C9}.Release|x86.ActiveCfg = Release|Win32
		{11658810-095F-4072-B9ED-F78A6478F6C9}.Release|x86.Build.0 = Release|Win32
		{3BF05B2D-B7E8-4DB0-88C9-1E8A90898E6F}.Debug|x64.ActiveCfg = Debug|x64
		{3BF05B2D-B7E8-4DB0-88C9-1E8A90898E6F}.Debug|x64.Build.0 = Debug|x64
		{3BF05B2D-B7E8-4DB0-88C9-1E8A90898E6F}.Debug|x86.ActiveCfg = Debug|Win32
		{3BF05B2D-B7E8-4DB0-88C9-1E8A90898E6F}.Debug|x86.Build.0 = Debug|Win32
		{3BF05B2D-B7E8-4DB0-88C9-1E8A90898E6F}.Release|x64.ActiveCfg = Release|x64
		{3BF05B2D-B7E8-4DB0-88C9-1E8A90898E6F}.Release|x64.Build.0 = Release|x64
		{3BF05B2D-B7E8-4DB0-88C9-1E8A90898E6F}.Release|x86.ActiveCfg = Release|Win32
		{3BF05B2D-B7E8-4DB0-88C9-1E8A90898E6F}.Release|x86.Build.0 = Release|Win32
		{83C12FCC-2B42-46DC-BD2F-98E807349BE0}.Debug|x64.ActiveCfg = Debug|x64
		{83C12FCC-2B42-46DC-BD2F-98E807349BE0}.Debug|x64.Build.0 = Debug|x64
		{83C12FCC-2B42-46DC-BD2F-98E807349BE0}.Debug|x86.ActiveCfg = Debug|Win32
		{83C12FCC-2B42-46DC-BD2F-98E807349BE0}.Debug|x86.Build.0 = Debug|Win32
		{83C12FCC-2B42-46DC-BD2F-98E807349BE0}.Release|x64.ActiveCfg = Release|x64
		{83C12FCC-2B42-46DC-BD2F-98E807349BE0}.Release|x64.Build.0 = Release|x64
		{83C12FCC-2B42-46DC-BD2F-98E807349BE0}.Release|x86.ActiveCfg = Release|Win32
		{83C12FCC-2B42-46DC-BD2F-98E807349BE0}.Release|x86.Build.0 = Release|Win32
		{4C6F35C2-0301-4E70-A8AD-9F38C6E6B7E9}.Debug|x64.ActiveCfg = Debug|x64
		{4C6F35C2-0301-4E70-A8AD-9F38C6E6B7E9}.Debug|x64.Build.0 = Debug|x64
		{4C6F35C2-0301-4E70-A8AD-9F38C6E6B7E9}.Debug|x86.ActiveCfg = Debug|Win32
		{4C6F35C2-0301-4E70-A8AD-9F38C6E6B7E9}.Debug|x86.Build.0 = Debug|Win32
		{4C6F35C2-0301-4E70-A8AD-9F38C6E6B7E9}.Release|x64.ActiveCfg = Release|x64
		{4C6F35C2-0301-4E70-A8AD-9F38C6E6B7E9}.Release|x64.Build.0 = Release|x64
		{4C6F35C2-0301-4E70-A8AD-9F38C6E6B7E9}.Release|x86.ActiveCfg = Release|Win32
		{4C6F35C2-0301-4E70-A8AD-9F38C6E6B7E9}.Release|x86.Build.0 = Release|Win32
		{BA6DDFCE-9916-480E-A4E0-7AA7F29C5A77}.Debug|x64.ActiveCfg = Debug|x64
		{BA6DDFCE-9916-480E-A4E0-7AA7F29C5A77}.Debug|x64.Build.0 = Debug|x64
		{BA6DDFCE-9916-480E-A4E0-7AA7F29C5A77}.Debug|x86.ActiveCfg = Debug|Win32
		{BA6DDFCE-9916-480E-A4E0-7AA7F29C5A77}.Debug|x86.Build.0 = Debug|Win32
		{BA6DDFCE-9916-480E-A4E0-7AA7F29C5A77}.Release|x64.ActiveCfg = Release|x64
		{BA6DDFCE-9916-480E-A4E0-7AA7F29C5A77}.Release|x64.Build.0 = Release|x64
		{BA6DDFCE-9916-480E-A4E0-7AA7F29C5A77}.Release|x86.ActiveCfg = Release|Win32
		{BA6DDFCE-9916-480E-A4E0-7AA7F29C5A77}.Release|x86.Build.0 = Release|Win32
		{1B602598-7514-4D8B-B717-F7297DC2D14F}.Debug|x64.ActiveCfg = Debug|x64
		{1B602598-7514-4D8B-B717-F7297DC2D14F}.Debug|x64.Build.0 = Debug|x64
		{1B602598-7514-4D8B-B717-F7297DC2D14F}.Debug|x86.ActiveCfg = Debug|Win32
		{1B602598-7514-4D8B-B717-F7297DC2D14F}.Debug|x86.Build.0 = Debug|Win32
		{1B602598-7514-4D8B-B717-F7297DC2D14F}.Release|x64.ActiveCfg = Release|x64
		{1B602598-7514-4D8B-B717-F7297DC2D14F}.Release|x64.Build.0 = Release|x64
		{1B602598-7514-4D8B-B717-F7297DC2D14F}.Release|x86.ActiveCfg = Release|Win32
		{1B602598-7514-4D8B-B717-F7297DC2D14F}.Release|x86.Build.0 = Release|Win32
		{F01C821C-665F-481C-87E3-769F04DC7733}.Debug|x64.ActiveCfg = Debug|x64
		{F01C821C-665F-481C-87E3-769F04DC7733}.Debug|x64.Build.0 = Debug|x64
		{F01C821C-665F-481C-87E3-769F04DC7733}.Debug|x86.ActiveCfg = Debug|Win32
		{F01C821C-665F-481C-87E3-769F04DC7733}.Debug|x86.Build.0 = Debug|Win32
		{F01C821C-665F-481C-87E3-769F04DC7733}.Release|x64.ActiveCfg = Release|x64
		{F01C821C-665F-481C-87E3-769F04DC7733}.Release|x64.Build.0 = Release|x64
		{F01C821C-665F-481C-87E3-769F04DC7733}.Release|x86.ActiveCfg = Release|Win32
		{F01C821C-665F-481C-87E3-769F04DC7733}.Release|x86.Build.0 = Release|Win32
		{159E1136-1467-485C-AD4E-8C6C223E50CF}.Debug|x64.ActiveCfg = Debug|x64
		{159E1136-1467-485C-AD4E-8C6C223E50CF}.Debug|x64.Build.0 = Debug|x64
		{159E1136-1467-485C-AD4E-8C6C223E50CF}.Debug|x86.ActiveCfg = Debug|Win32
		{159E1136-1467-485C-AD4E-8C6C223E50CF}.Debug|x86.Build.0 = Debug|Win32
		{159E1136-1467-485C-AD4E-8C6C223E50CF}.Release|x64.ActiveCfg = Release|x64
		{159E1136-1467-485C-AD4E-8C6C223E50CF}.Release|x64.Build.0 = Release|x64
		{159E1136-1467-485C-AD4E-8C6C223E50CF}.Release|x86.ActiveCfg = Release|Win32
		{159E1136-1467-485C-AD4E-8C6C223E50CF}.Release|x86.Build.0 = Release|Win32
		{A4C44CD5-8B47-418C-9D6E-B1D529F75DB0}.Debug|x64.ActiveCfg = Debug|x64
		{A4C44CD5-8B47-418C-9D6E-B1D529F75DB0}.Debug|x64.Build.0 = Debug|x64
		{A4C44CD5-8B47-418C-9D6E-B1D529F75DB0}.Debug|x86.ActiveCfg = Debug|Win32
		{A4C44CD5-8B47-418C-9D6E-B1D529F75DB0}.Debug|x86.Build.0 = Debug|Win32
		{A4C44CD5-8B47-418C-9D6E-B1D529F75DB0}.Release|x64.ActiveCfg = Release|x64
		{A4C44CD5-8B47-418C-9D6E-B1D529F75DB0}.Release|x64.Build.0 = Release|x64
		{A4C44CD5-8B47-418C-9D6E-B1D529F75DB0}.Release|x86.ActiveCfg = Release|Win32
		{A4C44CD5-8B47-418C-9D6E-B1D529F75DB0}.Release|x86.Build.0 = Release|Win32
		{25C3F429-4695-40B4-A6D4-D2A5000E9AA5}.Debug|x64.ActiveCfg = Debug|x64
		{25C3F429-4695-40B4-A6D4-D2A5000E9AA5}.Debug|x64.Build.0 = Debug|x64
		{25C3F429-4695-40B4-A6D4-D2A5000E9AA5}.Debug|x86.ActiveCfg = Debug|Win32
		{25C3F429-4695-40B4-A6D4-D2A5000E9AA5}.Debug|x86.Build.0 = Debug|Win32
		{25C3F429-4695-40B4-A6D4-D2A5000E9AA5}.Release|x64.ActiveCfg = Release|x64
		{25C3F429-4695-40B4-A6D4-D2A5000E9AA5}.Release|x64.Build.0 = Release|x64
		{25C3F429-4695-40B4-A6D4-D2A5000E9AA5}.Release|x86.ActiveCfg = Release|Win32
		{25C3F429-4695-40B4-A6D4-D2A5000E9AA5}.Release|x86.Build.0 = Release|Win32
		{47D91A54-C996-40B8-9594-410326D723C5}.Debug|x64.ActiveCfg = Debug|x64
		{47D91A54-C996-40B8-9594-410326D723C5}.Debug|x64.Build.0 = Debug|x64
		{47D91A54-C996-40B8-9594-410326D723C5}.Debug|x86.ActiveCfg = Debug|Win32
		{47D91A54-C996-40B8-9594-410326D723C5}.Debug|x86.Build.0 = Debug|Win32
		{47D91A54-C996-40B8-9594-410326D723C5}.Release|x64.ActiveCfg = Release|x64
		{47D91A54-C996-40B8-9594-410326D723C5}.Release|x64.Build.0 = Release|x64
		{47D91A54-C996-40B8-9594-410326D723C5}.Release|x86.ActiveCfg = Release|Win32
		{47D91A54-C996-40B8-9594-410326D723C5}.Release|x86.Build.0 = Release|Win32
		{7E076257-5E6E-4B33-ABFC-BC8D107B634E}.Debug|x64.ActiveCfg = Debug|x64
		{7E076257-5E6E-4B33-ABFC-BC8D107B634E}.Debug|x64.Build.0 = Debug|x64
		{7E076257-5E6E-4B33-ABFC-BC8D107B634E}.Debug|x86.ActiveCfg = Debug|Win32
		{7E076257-5E6E-4B33-ABFC-BC8D107B634E}.Debug|x86.Build.0 = Debug|Win32
		{7E076257-5E6E-4B33-ABFC-BC8D107B634E}.Release|x64.ActiveCfg = Release|x64
		{7E076257-5E6E-4B33-ABFC-BC8D107B634E}.Release|x64.Build.0 = Release|x64
		{7E076257-5E6E-4B33-ABFC-BC8D107B634E}.Release|x86.ActiveCfg = Release|Win32
		{7E076257-5E6E-4B33-ABFC-BC8D107B634E}.Release|x86.Build.0 = Release|Win32
		{D28989BE-722E-490F-AC00-712858AF9178}.Debug|x64.ActiveCfg = Debug|x64
		{D28989BE-722E-490F-AC00-712858AF9178}.Debug|x64.Build.0 = Debug|x64
		{D28989BE-722E-490F-AC00-712858AF9178}.Debug|x86.ActiveCfg = Debug|Win32
		{D28989BE-722E-490F-AC00-712858AF9178}.Debug|x86.Build.0 = Debug|Win32
		{D28989BE-722E-490F-AC00-712858AF9178}.Release|x64.ActiveCfg = Release|x64
		{D28989BE-722E-490F-AC00-712858AF9178}.Release|x64.Build.0 = Release|x64
		{D28989BE-722E-490F-AC00-712858AF9178}.Release|x86.ActiveCfg = Release|Win32
		{D28989BE-722E-490F-AC00-712858AF9178}.Release|x86.Build.0 = Release|Win32
		{E0166AC3-DEC5-4CAE-8FBF-64E2AAD49A53}.Debug|x64.ActiveCfg = Debug|x64
		{E0166AC3-DEC5-4CAE-8FBF-64E2AAD49A53}.Debug|x64.Build.0 = Debug|x64
		{E0166AC3-DEC5-4CAE-8FBF-64E2AAD49A53}.Debug|x86.ActiveCfg = Debug|Win32
		{E0166AC3-DEC5-4CAE-8FBF-64E2AAD49A53}.Debug|x86.Build.0 = Debug|Win32
		{E0166AC3-DEC5-4CAE-8FBF-64E2AAD49A53}.Release|x64.ActiveCfg = Release|x64
		{E0166AC3-DEC5-4CAE-8FBF-64E2AAD49A53}.Release|x64.Build.0 = Release|x64
		{E0166AC3-DEC5-4CAE-8FBF-64E2AAD49A53}.Release|x86.ActiveCfg = Release|Win32
		{E0166AC3-DEC5-4CAE-8FBF-64E2AAD49A53}.Release|x86.Build.0 = Release|Win32
		{965EEE6F-9613-4FE4-B991-154EF6BF7C1D}.Debug|x64.ActiveCfg = Debug|x64
		{965EEE6F-9613-4FE4-B991-154EF6BF7C1D}.Debug|x64.Build.0 = Debug|x64
		{965EEE6F-9613-4FE4-B991-154EF6BF7C1D}.Debug|x86.ActiveCfg = Debug|Win32
		{965EEE6F-9613-4FE4-B991-154EF6BF7C1D}.Debug|x86.Build.0 = Debug|Win32
		{965EEE6F-9613-4FE4-B991-154EF6BF7C1D}.Release|x64.ActiveCfg = Release|x64
		{965EEE6F-9613-4FE4-B991-154EF6BF7C1D}.Release|x64.Build.0 = Release|x64
		{965EEE6F-9613-4FE4-B991-154EF6BF7C1D}.Release|x86.ActiveCfg = Release|Win32
		{965EEE6F-9613-4FE4-B991-154EF6BF7C1D}.Release|x86.Build.0 = Release|Win32
		{713CC587-D53B-4FF6-B9F3-6550BB7397FD}.Debug|x64.ActiveCfg = Debug|x64
		{713CC587-D53B-4FF6-B9F3-6550BB7397FD}.Debug|x64.Build.0 = Debug|x64
		{713CC587-D53B-4FF6-B9F3-6550BB7397FD}.Debug|x86.ActiveCfg = Debug|Win32
		{713CC587-D53B-4FF6-B9F3-6550BB7397FD}.Debug|x86.Build.0 = Debug|Win32
		{713CC587-D53B-4FF6-B9F3-6550BB7397FD}.Release|x64.ActiveCfg = Release|x64
		{713CC587-D53B-4FF6-B9F3-6550BB7397FD}.Release|x64.Build.0 = Release|x64
		{713CC587-D53B-4FF6-B9F3-6550BB7397FD}.Release|x86.ActiveCfg = Release|Win32
		{713CC587-D53B-4FF6-B9F3-6550BB7397FD}.Release|x86.Build.0 = Release|Win32
		{1E29FB63-7366-47F3-B9C1-D1E6E0AE909B}.Debug|x64.ActiveCfg = Debug|x64
		{1E29FB63-7366-47F3-B9C1-D1E6E0AE909B}.Debug|x64.Build.0 = Debug|x64
		{1E29FB63-7366-47F3-B9C1-D1E6E0AE909B}.Debug|x86.ActiveCfg = Debug|Win32
		{1E29FB63-7366-47F3-B9C1-D1E6E0AE909B}.Debug|x86.Build.0 = Debug|Win32
		{1E29FB63-7366-47F3-B9C1-D1E6E0AE909B}.Release|x64.ActiveCfg = Release|x64
		{1E29FB63-7366-47F3-B9C1-D1E6E0AE909B}.Release|x64.Build.0 = Release|x64
		{1E29FB63-7366-47F3-B9C1-D1E6E0AE909B}.Release|x86.ActiveCfg = Release|Win32
		{1E29FB63-7366-47F3-B9C1-D1E6E0AE909B}.Release|x86.Build.0 = Release|Win32
	EndGlobalSection
	GlobalSection(SolutionProperties) = preSolution
		HideSolutionNode = FALSE
	EndGlobalSection
	GlobalSection(ExtensibilityGlobals) = postSolution
		SolutionGuid = {F485EA28-5F1B-4686-8D00-583882378F79}
	EndGlobalSection
	GlobalSection(Performance) = preSolution
		HasPerformanceSessions = true
	EndGlobalSection
EndGlobal
